// !$*UTF8*$!
{
	archiveVersion = 1;
	classes = {
	};
	objectVersion = 50;
	objects = {

/* Begin PBXBuildFile section */
		0AC144A5EB334930413C3647 /* Pods_movie_iosTests.framework in Frameworks */ = {isa = PBXBuildFile; fileRef = 5A12CBDB8506B3743F0EDA91 /* Pods_movie_iosTests.framework */; };
		845616542540C8FB51B72B4B /* Pods_movie_ios.framework in Frameworks */ = {isa = PBXBuildFile; fileRef = 2E3AEA55C25AB285473E3EF4 /* Pods_movie_ios.framework */; };
		A875B72707DD7EA03B4C5909 /* Pods_movie_iosUITests.framework in Frameworks */ = {isa = PBXBuildFile; fileRef = 8A4E46C0CC6AB8598E0EDBCC /* Pods_movie_iosUITests.framework */; };
		B97FA03522B7DE1400EFDD53 /* MoviesAPI.swift in Sources */ = {isa = PBXBuildFile; fileRef = B97FA03422B7DE1400EFDD53 /* MoviesAPI.swift */; };
		B97FA03822B7DF3C00EFDD53 /* MovieListModel.swift in Sources */ = {isa = PBXBuildFile; fileRef = B97FA03722B7DF3C00EFDD53 /* MovieListModel.swift */; };
		B97FA03A22B7DF5B00EFDD53 /* MovieModel.swift in Sources */ = {isa = PBXBuildFile; fileRef = B97FA03922B7DF5B00EFDD53 /* MovieModel.swift */; };
		B97FA03C22B7DFAA00EFDD53 /* GenreModel.swift in Sources */ = {isa = PBXBuildFile; fileRef = B97FA03B22B7DFAA00EFDD53 /* GenreModel.swift */; };
		B97FA03F22B7E0F400EFDD53 /* MainReducer.swift in Sources */ = {isa = PBXBuildFile; fileRef = B97FA03E22B7E0F400EFDD53 /* MainReducer.swift */; };
		B97FA04122B7E10800EFDD53 /* MovieListReducer.swift in Sources */ = {isa = PBXBuildFile; fileRef = B97FA04022B7E10800EFDD53 /* MovieListReducer.swift */; };
		B97FA04322B7E12300EFDD53 /* MovieDetailReducer.swift in Sources */ = {isa = PBXBuildFile; fileRef = B97FA04222B7E12300EFDD53 /* MovieDetailReducer.swift */; };
		B97FA04622B7E14500EFDD53 /* MovieDetailActions.swift in Sources */ = {isa = PBXBuildFile; fileRef = B97FA04522B7E14500EFDD53 /* MovieDetailActions.swift */; };
		B97FA04822B7E15A00EFDD53 /* MovieListActions.swift in Sources */ = {isa = PBXBuildFile; fileRef = B97FA04722B7E15A00EFDD53 /* MovieListActions.swift */; };
		B97FA04B22B7E27B00EFDD53 /* MovieListingsVC.swift in Sources */ = {isa = PBXBuildFile; fileRef = B97FA04A22B7E27B00EFDD53 /* MovieListingsVC.swift */; };
		B97FA04E22B7E2B400EFDD53 /* UIColor+Hex.swift in Sources */ = {isa = PBXBuildFile; fileRef = B97FA04D22B7E2B400EFDD53 /* UIColor+Hex.swift */; };
		B97FA05122B7E2FF00EFDD53 /* MovieListingsCell.swift in Sources */ = {isa = PBXBuildFile; fileRef = B97FA05022B7E2FF00EFDD53 /* MovieListingsCell.swift */; };
		B97FA05522B7E32C00EFDD53 /* TableViewLoadingCell.swift in Sources */ = {isa = PBXBuildFile; fileRef = B97FA05422B7E32C00EFDD53 /* TableViewLoadingCell.swift */; };
		B97FA05822B7E38600EFDD53 /* Constants.swift in Sources */ = {isa = PBXBuildFile; fileRef = B97FA05722B7E38600EFDD53 /* Constants.swift */; };
		B97FA05B22B7E6C200EFDD53 /* MovieDetailVC.swift in Sources */ = {isa = PBXBuildFile; fileRef = B97FA05A22B7E6C200EFDD53 /* MovieDetailVC.swift */; };
		B97FA05D22B7E71A00EFDD53 /* UIView+Gradient.swift in Sources */ = {isa = PBXBuildFile; fileRef = B97FA05C22B7E71A00EFDD53 /* UIView+Gradient.swift */; };
		B97FA05F22B7E76000EFDD53 /* Localizable.strings in Resources */ = {isa = PBXBuildFile; fileRef = B97FA05E22B7E76000EFDD53 /* Localizable.strings */; };
		B9B3830E22B7D77B00326BD6 /* AppDelegate.swift in Sources */ = {isa = PBXBuildFile; fileRef = B9B3830D22B7D77B00326BD6 /* AppDelegate.swift */; };
		B9B3831022B7D77B00326BD6 /* ViewController.swift in Sources */ = {isa = PBXBuildFile; fileRef = B9B3830F22B7D77B00326BD6 /* ViewController.swift */; };
		B9B3831522B7D77D00326BD6 /* Assets.xcassets in Resources */ = {isa = PBXBuildFile; fileRef = B9B3831422B7D77D00326BD6 /* Assets.xcassets */; };
		B9B3831822B7D77D00326BD6 /* LaunchScreen.storyboard in Resources */ = {isa = PBXBuildFile; fileRef = B9B3831622B7D77D00326BD6 /* LaunchScreen.storyboard */; };
		B9B3832322B7D77D00326BD6 /* movie_iosTests.swift in Sources */ = {isa = PBXBuildFile; fileRef = B9B3832222B7D77D00326BD6 /* movie_iosTests.swift */; };
		B9B3832E22B7D77D00326BD6 /* movie_iosUITests.swift in Sources */ = {isa = PBXBuildFile; fileRef = B9B3832D22B7D77D00326BD6 /* movie_iosUITests.swift */; };
/* End PBXBuildFile section */

/* Begin PBXContainerItemProxy section */
		B9B3831F22B7D77D00326BD6 /* PBXContainerItemProxy */ = {
			isa = PBXContainerItemProxy;
			containerPortal = B9B3830222B7D77B00326BD6 /* Project object */;
			proxyType = 1;
			remoteGlobalIDString = B9B3830922B7D77B00326BD6;
			remoteInfo = "movie-ios";
		};
		B9B3832A22B7D77D00326BD6 /* PBXContainerItemProxy */ = {
			isa = PBXContainerItemProxy;
			containerPortal = B9B3830222B7D77B00326BD6 /* Project object */;
			proxyType = 1;
			remoteGlobalIDString = B9B3830922B7D77B00326BD6;
			remoteInfo = "movie-ios";
		};
/* End PBXContainerItemProxy section */

/* Begin PBXFileReference section */
		1F8F2F1749A0773D29767CEA /* Pods-movie-iosTests.debug.xcconfig */ = {isa = PBXFileReference; includeInIndex = 1; lastKnownFileType = text.xcconfig; name = "Pods-movie-iosTests.debug.xcconfig"; path = "Target Support Files/Pods-movie-iosTests/Pods-movie-iosTests.debug.xcconfig"; sourceTree = "<group>"; };
		2A101E836E901DCC89934058 /* Pods-movie-ios.release.xcconfig */ = {isa = PBXFileReference; includeInIndex = 1; lastKnownFileType = text.xcconfig; name = "Pods-movie-ios.release.xcconfig"; path = "Target Support Files/Pods-movie-ios/Pods-movie-ios.release.xcconfig"; sourceTree = "<group>"; };
		2E3AEA55C25AB285473E3EF4 /* Pods_movie_ios.framework */ = {isa = PBXFileReference; explicitFileType = wrapper.framework; includeInIndex = 0; path = Pods_movie_ios.framework; sourceTree = BUILT_PRODUCTS_DIR; };
		50DADA90010B53A985954B34 /* Pods-movie-iosTests.release.xcconfig */ = {isa = PBXFileReference; includeInIndex = 1; lastKnownFileType = text.xcconfig; name = "Pods-movie-iosTests.release.xcconfig"; path = "Target Support Files/Pods-movie-iosTests/Pods-movie-iosTests.release.xcconfig"; sourceTree = "<group>"; };
		5A12CBDB8506B3743F0EDA91 /* Pods_movie_iosTests.framework */ = {isa = PBXFileReference; explicitFileType = wrapper.framework; includeInIndex = 0; path = Pods_movie_iosTests.framework; sourceTree = BUILT_PRODUCTS_DIR; };
		6225106493D0D098EC872FE8 /* Pods-movie-ios.debug.xcconfig */ = {isa = PBXFileReference; includeInIndex = 1; lastKnownFileType = text.xcconfig; name = "Pods-movie-ios.debug.xcconfig"; path = "Target Support Files/Pods-movie-ios/Pods-movie-ios.debug.xcconfig"; sourceTree = "<group>"; };
		8A4E46C0CC6AB8598E0EDBCC /* Pods_movie_iosUITests.framework */ = {isa = PBXFileReference; explicitFileType = wrapper.framework; includeInIndex = 0; path = Pods_movie_iosUITests.framework; sourceTree = BUILT_PRODUCTS_DIR; };
		AD4022D64679E8198278A94E /* Pods-movie-iosUITests.release.xcconfig */ = {isa = PBXFileReference; includeInIndex = 1; lastKnownFileType = text.xcconfig; name = "Pods-movie-iosUITests.release.xcconfig"; path = "Target Support Files/Pods-movie-iosUITests/Pods-movie-iosUITests.release.xcconfig"; sourceTree = "<group>"; };
		B97FA03422B7DE1400EFDD53 /* MoviesAPI.swift */ = {isa = PBXFileReference; lastKnownFileType = sourcecode.swift; path = MoviesAPI.swift; sourceTree = "<group>"; };
		B97FA03722B7DF3C00EFDD53 /* MovieListModel.swift */ = {isa = PBXFileReference; lastKnownFileType = sourcecode.swift; path = MovieListModel.swift; sourceTree = "<group>"; };
		B97FA03922B7DF5B00EFDD53 /* MovieModel.swift */ = {isa = PBXFileReference; lastKnownFileType = sourcecode.swift; path = MovieModel.swift; sourceTree = "<group>"; };
		B97FA03B22B7DFAA00EFDD53 /* GenreModel.swift */ = {isa = PBXFileReference; lastKnownFileType = sourcecode.swift; path = GenreModel.swift; sourceTree = "<group>"; };
		B97FA03E22B7E0F400EFDD53 /* MainReducer.swift */ = {isa = PBXFileReference; lastKnownFileType = sourcecode.swift; path = MainReducer.swift; sourceTree = "<group>"; };
		B97FA04022B7E10800EFDD53 /* MovieListReducer.swift */ = {isa = PBXFileReference; lastKnownFileType = sourcecode.swift; path = MovieListReducer.swift; sourceTree = "<group>"; };
		B97FA04222B7E12300EFDD53 /* MovieDetailReducer.swift */ = {isa = PBXFileReference; lastKnownFileType = sourcecode.swift; path = MovieDetailReducer.swift; sourceTree = "<group>"; };
		B97FA04522B7E14500EFDD53 /* MovieDetailActions.swift */ = {isa = PBXFileReference; lastKnownFileType = sourcecode.swift; path = MovieDetailActions.swift; sourceTree = "<group>"; };
		B97FA04722B7E15A00EFDD53 /* MovieListActions.swift */ = {isa = PBXFileReference; lastKnownFileType = sourcecode.swift; path = MovieListActions.swift; sourceTree = "<group>"; };
		B97FA04A22B7E27B00EFDD53 /* MovieListingsVC.swift */ = {isa = PBXFileReference; lastKnownFileType = sourcecode.swift; path = MovieListingsVC.swift; sourceTree = "<group>"; };
		B97FA04D22B7E2B400EFDD53 /* UIColor+Hex.swift */ = {isa = PBXFileReference; lastKnownFileType = sourcecode.swift; path = "UIColor+Hex.swift"; sourceTree = "<group>"; };
		B97FA05022B7E2FF00EFDD53 /* MovieListingsCell.swift */ = {isa = PBXFileReference; lastKnownFileType = sourcecode.swift; path = MovieListingsCell.swift; sourceTree = "<group>"; };
		B97FA05422B7E32C00EFDD53 /* TableViewLoadingCell.swift */ = {isa = PBXFileReference; lastKnownFileType = sourcecode.swift; path = TableViewLoadingCell.swift; sourceTree = "<group>"; };
		B97FA05722B7E38600EFDD53 /* Constants.swift */ = {isa = PBXFileReference; lastKnownFileType = sourcecode.swift; path = Constants.swift; sourceTree = "<group>"; };
		B97FA05A22B7E6C200EFDD53 /* MovieDetailVC.swift */ = {isa = PBXFileReference; lastKnownFileType = sourcecode.swift; path = MovieDetailVC.swift; sourceTree = "<group>"; };
		B97FA05C22B7E71A00EFDD53 /* UIView+Gradient.swift */ = {isa = PBXFileReference; lastKnownFileType = sourcecode.swift; path = "UIView+Gradient.swift"; sourceTree = "<group>"; };
		B97FA05E22B7E76000EFDD53 /* Localizable.strings */ = {isa = PBXFileReference; lastKnownFileType = text.plist.strings; path = Localizable.strings; sourceTree = "<group>"; };
		B9B3830A22B7D77B00326BD6 /* movie-ios.app */ = {isa = PBXFileReference; explicitFileType = wrapper.application; includeInIndex = 0; path = "movie-ios.app"; sourceTree = BUILT_PRODUCTS_DIR; };
		B9B3830D22B7D77B00326BD6 /* AppDelegate.swift */ = {isa = PBXFileReference; lastKnownFileType = sourcecode.swift; path = AppDelegate.swift; sourceTree = "<group>"; };
		B9B3830F22B7D77B00326BD6 /* ViewController.swift */ = {isa = PBXFileReference; lastKnownFileType = sourcecode.swift; path = ViewController.swift; sourceTree = "<group>"; };
		B9B3831422B7D77D00326BD6 /* Assets.xcassets */ = {isa = PBXFileReference; lastKnownFileType = folder.assetcatalog; path = Assets.xcassets; sourceTree = "<group>"; };
		B9B3831722B7D77D00326BD6 /* Base */ = {isa = PBXFileReference; lastKnownFileType = file.storyboard; name = Base; path = Base.lproj/LaunchScreen.storyboard; sourceTree = "<group>"; };
		B9B3831922B7D77D00326BD6 /* Info.plist */ = {isa = PBXFileReference; lastKnownFileType = text.plist.xml; path = Info.plist; sourceTree = "<group>"; };
		B9B3831E22B7D77D00326BD6 /* movie-iosTests.xctest */ = {isa = PBXFileReference; explicitFileType = wrapper.cfbundle; includeInIndex = 0; path = "movie-iosTests.xctest"; sourceTree = BUILT_PRODUCTS_DIR; };
		B9B3832222B7D77D00326BD6 /* movie_iosTests.swift */ = {isa = PBXFileReference; lastKnownFileType = sourcecode.swift; path = movie_iosTests.swift; sourceTree = "<group>"; };
		B9B3832422B7D77D00326BD6 /* Info.plist */ = {isa = PBXFileReference; lastKnownFileType = text.plist.xml; path = Info.plist; sourceTree = "<group>"; };
		B9B3832922B7D77D00326BD6 /* movie-iosUITests.xctest */ = {isa = PBXFileReference; explicitFileType = wrapper.cfbundle; includeInIndex = 0; path = "movie-iosUITests.xctest"; sourceTree = BUILT_PRODUCTS_DIR; };
		B9B3832D22B7D77D00326BD6 /* movie_iosUITests.swift */ = {isa = PBXFileReference; lastKnownFileType = sourcecode.swift; path = movie_iosUITests.swift; sourceTree = "<group>"; };
		B9B3832F22B7D77D00326BD6 /* Info.plist */ = {isa = PBXFileReference; lastKnownFileType = text.plist.xml; path = Info.plist; sourceTree = "<group>"; };
		CFC1A7EF30731A50F5FF53B2 /* Pods-movie-iosUITests.debug.xcconfig */ = {isa = PBXFileReference; includeInIndex = 1; lastKnownFileType = text.xcconfig; name = "Pods-movie-iosUITests.debug.xcconfig"; path = "Target Support Files/Pods-movie-iosUITests/Pods-movie-iosUITests.debug.xcconfig"; sourceTree = "<group>"; };
/* End PBXFileReference section */

/* Begin PBXFrameworksBuildPhase section */
		B9B3830722B7D77B00326BD6 /* Frameworks */ = {
			isa = PBXFrameworksBuildPhase;
			buildActionMask = 2147483647;
			files = (
				845616542540C8FB51B72B4B /* Pods_movie_ios.framework in Frameworks */,
			);
			runOnlyForDeploymentPostprocessing = 0;
		};
		B9B3831B22B7D77D00326BD6 /* Frameworks */ = {
			isa = PBXFrameworksBuildPhase;
			buildActionMask = 2147483647;
			files = (
				0AC144A5EB334930413C3647 /* Pods_movie_iosTests.framework in Frameworks */,
			);
			runOnlyForDeploymentPostprocessing = 0;
		};
		B9B3832622B7D77D00326BD6 /* Frameworks */ = {
			isa = PBXFrameworksBuildPhase;
			buildActionMask = 2147483647;
			files = (
				A875B72707DD7EA03B4C5909 /* Pods_movie_iosUITests.framework in Frameworks */,
			);
			runOnlyForDeploymentPostprocessing = 0;
		};
/* End PBXFrameworksBuildPhase section */

/* Begin PBXGroup section */
		65B33B8883767CB54EFA32CD /* Pods */ = {
			isa = PBXGroup;
			children = (
				6225106493D0D098EC872FE8 /* Pods-movie-ios.debug.xcconfig */,
				2A101E836E901DCC89934058 /* Pods-movie-ios.release.xcconfig */,
				1F8F2F1749A0773D29767CEA /* Pods-movie-iosTests.debug.xcconfig */,
				50DADA90010B53A985954B34 /* Pods-movie-iosTests.release.xcconfig */,
				CFC1A7EF30731A50F5FF53B2 /* Pods-movie-iosUITests.debug.xcconfig */,
				AD4022D64679E8198278A94E /* Pods-movie-iosUITests.release.xcconfig */,
			);
			path = Pods;
			sourceTree = "<group>";
		};
		B97FA03322B7DE0B00EFDD53 /* API */ = {
			isa = PBXGroup;
			children = (
				B97FA03422B7DE1400EFDD53 /* MoviesAPI.swift */,
			);
			path = API;
			sourceTree = "<group>";
		};
		B97FA03622B7DEB000EFDD53 /* Models */ = {
			isa = PBXGroup;
			children = (
				B97FA03722B7DF3C00EFDD53 /* MovieListModel.swift */,
				B97FA03922B7DF5B00EFDD53 /* MovieModel.swift */,
				B97FA03B22B7DFAA00EFDD53 /* GenreModel.swift */,
			);
			path = Models;
			sourceTree = "<group>";
		};
		B97FA03D22B7E0DD00EFDD53 /* Reducers */ = {
			isa = PBXGroup;
			children = (
				B97FA03E22B7E0F400EFDD53 /* MainReducer.swift */,
				B97FA04022B7E10800EFDD53 /* MovieListReducer.swift */,
				B97FA04222B7E12300EFDD53 /* MovieDetailReducer.swift */,
			);
			path = Reducers;
			sourceTree = "<group>";
		};
		B97FA04422B7E13600EFDD53 /* Actions */ = {
			isa = PBXGroup;
			children = (
				B97FA04722B7E15A00EFDD53 /* MovieListActions.swift */,
				B97FA04522B7E14500EFDD53 /* MovieDetailActions.swift */,
			);
			path = Actions;
			sourceTree = "<group>";
		};
		B97FA04922B7E26400EFDD53 /* ViewControllers */ = {
			isa = PBXGroup;
			children = (
				B97FA04F22B7E2E400EFDD53 /* Views */,
				B97FA04A22B7E27B00EFDD53 /* MovieListingsVC.swift */,
				B97FA05A22B7E6C200EFDD53 /* MovieDetailVC.swift */,
			);
			path = ViewControllers;
			sourceTree = "<group>";
		};
		B97FA04C22B7E29E00EFDD53 /* Extensions */ = {
			isa = PBXGroup;
			children = (
				B97FA04D22B7E2B400EFDD53 /* UIColor+Hex.swift */,
				B97FA05C22B7E71A00EFDD53 /* UIView+Gradient.swift */,
			);
			path = Extensions;
			sourceTree = "<group>";
		};
		B97FA04F22B7E2E400EFDD53 /* Views */ = {
			isa = PBXGroup;
			children = (
				B97FA05022B7E2FF00EFDD53 /* MovieListingsCell.swift */,
				B97FA05422B7E32C00EFDD53 /* TableViewLoadingCell.swift */,
			);
			path = Views;
			sourceTree = "<group>";
		};
		B97FA05622B7E37B00EFDD53 /* Constants */ = {
			isa = PBXGroup;
			children = (
				B97FA05722B7E38600EFDD53 /* Constants.swift */,
			);
			path = Constants;
			sourceTree = "<group>";
		};
		B992ABAB22B7DB0B004CFF1E /* Support Files */ = {
			isa = PBXGroup;
			children = (
				B9B3830D22B7D77B00326BD6 /* AppDelegate.swift */,
				B9B3831422B7D77D00326BD6 /* Assets.xcassets */,
				B9B3831622B7D77D00326BD6 /* LaunchScreen.storyboard */,
				B9B3831922B7D77D00326BD6 /* Info.plist */,
				B97FA05E22B7E76000EFDD53 /* Localizable.strings */,
			);
			path = "Support Files";
			sourceTree = "<group>";
		};
		B9B3830122B7D77B00326BD6 = {
			isa = PBXGroup;
			children = (
				B9B3830C22B7D77B00326BD6 /* movie-ios */,
				B9B3832122B7D77D00326BD6 /* movie-iosTests */,
				B9B3832C22B7D77D00326BD6 /* movie-iosUITests */,
				B9B3830B22B7D77B00326BD6 /* Products */,
				65B33B8883767CB54EFA32CD /* Pods */,
				C95488B4DB69CB0205879182 /* Frameworks */,
			);
			sourceTree = "<group>";
		};
		B9B3830B22B7D77B00326BD6 /* Products */ = {
			isa = PBXGroup;
			children = (
				B9B3830A22B7D77B00326BD6 /* movie-ios.app */,
				B9B3831E22B7D77D00326BD6 /* movie-iosTests.xctest */,
				B9B3832922B7D77D00326BD6 /* movie-iosUITests.xctest */,
			);
			name = Products;
			sourceTree = "<group>";
		};
		B9B3830C22B7D77B00326BD6 /* movie-ios */ = {
			isa = PBXGroup;
			children = (
				B97FA05622B7E37B00EFDD53 /* Constants */,
				B97FA03322B7DE0B00EFDD53 /* API */,
				B97FA04422B7E13600EFDD53 /* Actions */,
				B97FA03D22B7E0DD00EFDD53 /* Reducers */,
				B97FA03622B7DEB000EFDD53 /* Models */,
				B9B3830F22B7D77B00326BD6 /* ViewController.swift */,
				B97FA04C22B7E29E00EFDD53 /* Extensions */,
				B97FA04922B7E26400EFDD53 /* ViewControllers */,
				B992ABAB22B7DB0B004CFF1E /* Support Files */,
			);
			path = "movie-ios";
			sourceTree = "<group>";
		};
		B9B3832122B7D77D00326BD6 /* movie-iosTests */ = {
			isa = PBXGroup;
			children = (
				B9B3832222B7D77D00326BD6 /* movie_iosTests.swift */,
				B9B3832422B7D77D00326BD6 /* Info.plist */,
			);
			path = "movie-iosTests";
			sourceTree = "<group>";
		};
		B9B3832C22B7D77D00326BD6 /* movie-iosUITests */ = {
			isa = PBXGroup;
			children = (
				B9B3832D22B7D77D00326BD6 /* movie_iosUITests.swift */,
				B9B3832F22B7D77D00326BD6 /* Info.plist */,
			);
			path = "movie-iosUITests";
			sourceTree = "<group>";
		};
		C95488B4DB69CB0205879182 /* Frameworks */ = {
			isa = PBXGroup;
			children = (
				2E3AEA55C25AB285473E3EF4 /* Pods_movie_ios.framework */,
				5A12CBDB8506B3743F0EDA91 /* Pods_movie_iosTests.framework */,
				8A4E46C0CC6AB8598E0EDBCC /* Pods_movie_iosUITests.framework */,
			);
			name = Frameworks;
			sourceTree = "<group>";
		};
/* End PBXGroup section */

/* Begin PBXNativeTarget section */
		B9B3830922B7D77B00326BD6 /* movie-ios */ = {
			isa = PBXNativeTarget;
			buildConfigurationList = B9B3833222B7D77D00326BD6 /* Build configuration list for PBXNativeTarget "movie-ios" */;
			buildPhases = (
				7ACED174289908958E482A7D /* [CP] Check Pods Manifest.lock */,
				B9B3830622B7D77B00326BD6 /* Sources */,
				B9B3830722B7D77B00326BD6 /* Frameworks */,
				B9B3830822B7D77B00326BD6 /* Resources */,
				BC4E0127E1AF8C9D0CB8D3AC /* [CP] Embed Pods Frameworks */,
			);
			buildRules = (
			);
			dependencies = (
			);
			name = "movie-ios";
			productName = "movie-ios";
			productReference = B9B3830A22B7D77B00326BD6 /* movie-ios.app */;
			productType = "com.apple.product-type.application";
		};
		B9B3831D22B7D77D00326BD6 /* movie-iosTests */ = {
			isa = PBXNativeTarget;
			buildConfigurationList = B9B3833522B7D77D00326BD6 /* Build configuration list for PBXNativeTarget "movie-iosTests" */;
			buildPhases = (
				74A3DBA20483E176BBE6FB9E /* [CP] Check Pods Manifest.lock */,
				B9B3831A22B7D77D00326BD6 /* Sources */,
				B9B3831B22B7D77D00326BD6 /* Frameworks */,
				B9B3831C22B7D77D00326BD6 /* Resources */,
			);
			buildRules = (
			);
			dependencies = (
				B9B3832022B7D77D00326BD6 /* PBXTargetDependency */,
			);
			name = "movie-iosTests";
			productName = "movie-iosTests";
			productReference = B9B3831E22B7D77D00326BD6 /* movie-iosTests.xctest */;
			productType = "com.apple.product-type.bundle.unit-test";
		};
		B9B3832822B7D77D00326BD6 /* movie-iosUITests */ = {
			isa = PBXNativeTarget;
			buildConfigurationList = B9B3833822B7D77D00326BD6 /* Build configuration list for PBXNativeTarget "movie-iosUITests" */;
			buildPhases = (
				C2CDC6866275CB99F3F43A4E /* [CP] Check Pods Manifest.lock */,
				B9B3832522B7D77D00326BD6 /* Sources */,
				B9B3832622B7D77D00326BD6 /* Frameworks */,
				B9B3832722B7D77D00326BD6 /* Resources */,
			);
			buildRules = (
			);
			dependencies = (
				B9B3832B22B7D77D00326BD6 /* PBXTargetDependency */,
			);
			name = "movie-iosUITests";
			productName = "movie-iosUITests";
			productReference = B9B3832922B7D77D00326BD6 /* movie-iosUITests.xctest */;
			productType = "com.apple.product-type.bundle.ui-testing";
		};
/* End PBXNativeTarget section */

/* Begin PBXProject section */
		B9B3830222B7D77B00326BD6 /* Project object */ = {
			isa = PBXProject;
			attributes = {
				LastSwiftUpdateCheck = 1020;
				LastUpgradeCheck = 1020;
				ORGANIZATIONNAME = "Patrick Ngo";
				TargetAttributes = {
					B9B3830922B7D77B00326BD6 = {
						CreatedOnToolsVersion = 10.2.1;
					};
					B9B3831D22B7D77D00326BD6 = {
						CreatedOnToolsVersion = 10.2.1;
						TestTargetID = B9B3830922B7D77B00326BD6;
					};
					B9B3832822B7D77D00326BD6 = {
						CreatedOnToolsVersion = 10.2.1;
						TestTargetID = B9B3830922B7D77B00326BD6;
					};
				};
			};
			buildConfigurationList = B9B3830522B7D77B00326BD6 /* Build configuration list for PBXProject "movie-ios" */;
			compatibilityVersion = "Xcode 9.3";
			developmentRegion = en;
			hasScannedForEncodings = 0;
			knownRegions = (
				en,
				Base,
			);
			mainGroup = B9B3830122B7D77B00326BD6;
			productRefGroup = B9B3830B22B7D77B00326BD6 /* Products */;
			projectDirPath = "";
			projectRoot = "";
			targets = (
				B9B3830922B7D77B00326BD6 /* movie-ios */,
				B9B3831D22B7D77D00326BD6 /* movie-iosTests */,
				B9B3832822B7D77D00326BD6 /* movie-iosUITests */,
			);
		};
/* End PBXProject section */

/* Begin PBXResourcesBuildPhase section */
		B9B3830822B7D77B00326BD6 /* Resources */ = {
			isa = PBXResourcesBuildPhase;
			buildActionMask = 2147483647;
			files = (
				B9B3831822B7D77D00326BD6 /* LaunchScreen.storyboard in Resources */,
				B9B3831522B7D77D00326BD6 /* Assets.xcassets in Resources */,
				B97FA05F22B7E76000EFDD53 /* Localizable.strings in Resources */,
			);
			runOnlyForDeploymentPostprocessing = 0;
		};
		B9B3831C22B7D77D00326BD6 /* Resources */ = {
			isa = PBXResourcesBuildPhase;
			buildActionMask = 2147483647;
			files = (
			);
			runOnlyForDeploymentPostprocessing = 0;
		};
		B9B3832722B7D77D00326BD6 /* Resources */ = {
			isa = PBXResourcesBuildPhase;
			buildActionMask = 2147483647;
			files = (
			);
			runOnlyForDeploymentPostprocessing = 0;
		};
/* End PBXResourcesBuildPhase section */

/* Begin PBXShellScriptBuildPhase section */
		74A3DBA20483E176BBE6FB9E /* [CP] Check Pods Manifest.lock */ = {
			isa = PBXShellScriptBuildPhase;
			buildActionMask = 2147483647;
			files = (
			);
			inputFileListPaths = (
			);
			inputPaths = (
				"${PODS_PODFILE_DIR_PATH}/Podfile.lock",
				"${PODS_ROOT}/Manifest.lock",
			);
			name = "[CP] Check Pods Manifest.lock";
			outputFileListPaths = (
			);
			outputPaths = (
				"$(DERIVED_FILE_DIR)/Pods-movie-iosTests-checkManifestLockResult.txt",
			);
			runOnlyForDeploymentPostprocessing = 0;
			shellPath = /bin/sh;
			shellScript = "diff \"${PODS_PODFILE_DIR_PATH}/Podfile.lock\" \"${PODS_ROOT}/Manifest.lock\" > /dev/null\nif [ $? != 0 ] ; then\n    # print error to STDERR\n    echo \"error: The sandbox is not in sync with the Podfile.lock. Run 'pod install' or update your CocoaPods installation.\" >&2\n    exit 1\nfi\n# This output is used by Xcode 'outputs' to avoid re-running this script phase.\necho \"SUCCESS\" > \"${SCRIPT_OUTPUT_FILE_0}\"\n";
			showEnvVarsInLog = 0;
		};
		7ACED174289908958E482A7D /* [CP] Check Pods Manifest.lock */ = {
			isa = PBXShellScriptBuildPhase;
			buildActionMask = 2147483647;
			files = (
			);
			inputFileListPaths = (
			);
			inputPaths = (
				"${PODS_PODFILE_DIR_PATH}/Podfile.lock",
				"${PODS_ROOT}/Manifest.lock",
			);
			name = "[CP] Check Pods Manifest.lock";
			outputFileListPaths = (
			);
			outputPaths = (
				"$(DERIVED_FILE_DIR)/Pods-movie-ios-checkManifestLockResult.txt",
			);
			runOnlyForDeploymentPostprocessing = 0;
			shellPath = /bin/sh;
			shellScript = "diff \"${PODS_PODFILE_DIR_PATH}/Podfile.lock\" \"${PODS_ROOT}/Manifest.lock\" > /dev/null\nif [ $? != 0 ] ; then\n    # print error to STDERR\n    echo \"error: The sandbox is not in sync with the Podfile.lock. Run 'pod install' or update your CocoaPods installation.\" >&2\n    exit 1\nfi\n# This output is used by Xcode 'outputs' to avoid re-running this script phase.\necho \"SUCCESS\" > \"${SCRIPT_OUTPUT_FILE_0}\"\n";
			showEnvVarsInLog = 0;
		};
		BC4E0127E1AF8C9D0CB8D3AC /* [CP] Embed Pods Frameworks */ = {
			isa = PBXShellScriptBuildPhase;
			buildActionMask = 2147483647;
			files = (
			);
			inputFileListPaths = (
			);
			inputPaths = (
				"${PODS_ROOT}/Target Support Files/Pods-movie-ios/Pods-movie-ios-frameworks.sh",
				"${BUILT_PRODUCTS_DIR}/Alamofire/Alamofire.framework",
				"${BUILT_PRODUCTS_DIR}/ReSwift/ReSwift.framework",
				"${BUILT_PRODUCTS_DIR}/ReSwiftThunk/ReSwiftThunk.framework",
				"${BUILT_PRODUCTS_DIR}/RxCocoa/RxCocoa.framework",
				"${BUILT_PRODUCTS_DIR}/RxRelay/RxRelay.framework",
				"${BUILT_PRODUCTS_DIR}/RxSwift/RxSwift.framework",
				"${BUILT_PRODUCTS_DIR}/SDWebImage/SDWebImage.framework",
				"${BUILT_PRODUCTS_DIR}/SnapKit/SnapKit.framework",
			);
			name = "[CP] Embed Pods Frameworks";
			outputFileListPaths = (
			);
			outputPaths = (
				"${TARGET_BUILD_DIR}/${FRAMEWORKS_FOLDER_PATH}/Alamofire.framework",
				"${TARGET_BUILD_DIR}/${FRAMEWORKS_FOLDER_PATH}/ReSwift.framework",
				"${TARGET_BUILD_DIR}/${FRAMEWORKS_FOLDER_PATH}/ReSwiftThunk.framework",
				"${TARGET_BUILD_DIR}/${FRAMEWORKS_FOLDER_PATH}/RxCocoa.framework",
				"${TARGET_BUILD_DIR}/${FRAMEWORKS_FOLDER_PATH}/RxRelay.framework",
				"${TARGET_BUILD_DIR}/${FRAMEWORKS_FOLDER_PATH}/RxSwift.framework",
				"${TARGET_BUILD_DIR}/${FRAMEWORKS_FOLDER_PATH}/SDWebImage.framework",
				"${TARGET_BUILD_DIR}/${FRAMEWORKS_FOLDER_PATH}/SnapKit.framework",
			);
			runOnlyForDeploymentPostprocessing = 0;
			shellPath = /bin/sh;
			shellScript = "\"${PODS_ROOT}/Target Support Files/Pods-movie-ios/Pods-movie-ios-frameworks.sh\"\n";
			showEnvVarsInLog = 0;
		};
		C2CDC6866275CB99F3F43A4E /* [CP] Check Pods Manifest.lock */ = {
			isa = PBXShellScriptBuildPhase;
			buildActionMask = 2147483647;
			files = (
			);
			inputFileListPaths = (
			);
			inputPaths = (
				"${PODS_PODFILE_DIR_PATH}/Podfile.lock",
				"${PODS_ROOT}/Manifest.lock",
			);
			name = "[CP] Check Pods Manifest.lock";
			outputFileListPaths = (
			);
			outputPaths = (
				"$(DERIVED_FILE_DIR)/Pods-movie-iosUITests-checkManifestLockResult.txt",
			);
			runOnlyForDeploymentPostprocessing = 0;
			shellPath = /bin/sh;
			shellScript = "diff \"${PODS_PODFILE_DIR_PATH}/Podfile.lock\" \"${PODS_ROOT}/Manifest.lock\" > /dev/null\nif [ $? != 0 ] ; then\n    # print error to STDERR\n    echo \"error: The sandbox is not in sync with the Podfile.lock. Run 'pod install' or update your CocoaPods installation.\" >&2\n    exit 1\nfi\n# This output is used by Xcode 'outputs' to avoid re-running this script phase.\necho \"SUCCESS\" > \"${SCRIPT_OUTPUT_FILE_0}\"\n";
			showEnvVarsInLog = 0;
		};
/* End PBXShellScriptBuildPhase section */

/* Begin PBXSourcesBuildPhase section */
		B9B3830622B7D77B00326BD6 /* Sources */ = {
			isa = PBXSourcesBuildPhase;
			buildActionMask = 2147483647;
			files = (
				B97FA03822B7DF3C00EFDD53 /* MovieListModel.swift in Sources */,
				B97FA05122B7E2FF00EFDD53 /* MovieListingsCell.swift in Sources */,
				B97FA03F22B7E0F400EFDD53 /* MainReducer.swift in Sources */,
				B97FA05522B7E32C00EFDD53 /* TableViewLoadingCell.swift in Sources */,
				B97FA04B22B7E27B00EFDD53 /* MovieListingsVC.swift in Sources */,
				B9B3831022B7D77B00326BD6 /* ViewController.swift in Sources */,
				B97FA04622B7E14500EFDD53 /* MovieDetailActions.swift in Sources */,
				B97FA05822B7E38600EFDD53 /* Constants.swift in Sources */,
				B97FA03A22B7DF5B00EFDD53 /* MovieModel.swift in Sources */,
				B97FA03C22B7DFAA00EFDD53 /* GenreModel.swift in Sources */,
				B97FA05D22B7E71A00EFDD53 /* UIView+Gradient.swift in Sources */,
				B9B3830E22B7D77B00326BD6 /* AppDelegate.swift in Sources */,
				B97FA05B22B7E6C200EFDD53 /* MovieDetailVC.swift in Sources */,
				B97FA03522B7DE1400EFDD53 /* MoviesAPI.swift in Sources */,
				B97FA04E22B7E2B400EFDD53 /* UIColor+Hex.swift in Sources */,
				B97FA04322B7E12300EFDD53 /* MovieDetailReducer.swift in Sources */,
				B97FA04822B7E15A00EFDD53 /* MovieListActions.swift in Sources */,
				B97FA04122B7E10800EFDD53 /* MovieListReducer.swift in Sources */,
			);
			runOnlyForDeploymentPostprocessing = 0;
		};
		B9B3831A22B7D77D00326BD6 /* Sources */ = {
			isa = PBXSourcesBuildPhase;
			buildActionMask = 2147483647;
			files = (
				B9B3832322B7D77D00326BD6 /* movie_iosTests.swift in Sources */,
			);
			runOnlyForDeploymentPostprocessing = 0;
		};
		B9B3832522B7D77D00326BD6 /* Sources */ = {
			isa = PBXSourcesBuildPhase;
			buildActionMask = 2147483647;
			files = (
				B9B3832E22B7D77D00326BD6 /* movie_iosUITests.swift in Sources */,
			);
			runOnlyForDeploymentPostprocessing = 0;
		};
/* End PBXSourcesBuildPhase section */

/* Begin PBXTargetDependency section */
		B9B3832022B7D77D00326BD6 /* PBXTargetDependency */ = {
			isa = PBXTargetDependency;
			target = B9B3830922B7D77B00326BD6 /* movie-ios */;
			targetProxy = B9B3831F22B7D77D00326BD6 /* PBXContainerItemProxy */;
		};
		B9B3832B22B7D77D00326BD6 /* PBXTargetDependency */ = {
			isa = PBXTargetDependency;
			target = B9B3830922B7D77B00326BD6 /* movie-ios */;
			targetProxy = B9B3832A22B7D77D00326BD6 /* PBXContainerItemProxy */;
		};
/* End PBXTargetDependency section */

/* Begin PBXVariantGroup section */
		B9B3831622B7D77D00326BD6 /* LaunchScreen.storyboard */ = {
			isa = PBXVariantGroup;
			children = (
				B9B3831722B7D77D00326BD6 /* Base */,
			);
			name = LaunchScreen.storyboard;
			sourceTree = "<group>";
		};
/* End PBXVariantGroup section */

/* Begin XCBuildConfiguration section */
		B9B3833022B7D77D00326BD6 /* Debug */ = {
			isa = XCBuildConfiguration;
			buildSettings = {
				ALWAYS_SEARCH_USER_PATHS = NO;
				CLANG_ANALYZER_NONNULL = YES;
				CLANG_ANALYZER_NUMBER_OBJECT_CONVERSION = YES_AGGRESSIVE;
				CLANG_CXX_LANGUAGE_STANDARD = "gnu++14";
				CLANG_CXX_LIBRARY = "libc++";
				CLANG_ENABLE_MODULES = YES;
				CLANG_ENABLE_OBJC_ARC = YES;
				CLANG_ENABLE_OBJC_WEAK = YES;
				CLANG_WARN_BLOCK_CAPTURE_AUTORELEASING = YES;
				CLANG_WARN_BOOL_CONVERSION = YES;
				CLANG_WARN_COMMA = YES;
				CLANG_WARN_CONSTANT_CONVERSION = YES;
				CLANG_WARN_DEPRECATED_OBJC_IMPLEMENTATIONS = YES;
				CLANG_WARN_DIRECT_OBJC_ISA_USAGE = YES_ERROR;
				CLANG_WARN_DOCUMENTATION_COMMENTS = YES;
				CLANG_WARN_EMPTY_BODY = YES;
				CLANG_WARN_ENUM_CONVERSION = YES;
				CLANG_WARN_INFINITE_RECURSION = YES;
				CLANG_WARN_INT_CONVERSION = YES;
				CLANG_WARN_NON_LITERAL_NULL_CONVERSION = YES;
				CLANG_WARN_OBJC_IMPLICIT_RETAIN_SELF = YES;
				CLANG_WARN_OBJC_LITERAL_CONVERSION = YES;
				CLANG_WARN_OBJC_ROOT_CLASS = YES_ERROR;
				CLANG_WARN_RANGE_LOOP_ANALYSIS = YES;
				CLANG_WARN_STRICT_PROTOTYPES = YES;
				CLANG_WARN_SUSPICIOUS_MOVE = YES;
				CLANG_WARN_UNGUARDED_AVAILABILITY = YES_AGGRESSIVE;
				CLANG_WARN_UNREACHABLE_CODE = YES;
				CLANG_WARN__DUPLICATE_METHOD_MATCH = YES;
				CODE_SIGN_IDENTITY = "iPhone Developer";
				COPY_PHASE_STRIP = NO;
				DEBUG_INFORMATION_FORMAT = dwarf;
				ENABLE_STRICT_OBJC_MSGSEND = YES;
				ENABLE_TESTABILITY = YES;
				GCC_C_LANGUAGE_STANDARD = gnu11;
				GCC_DYNAMIC_NO_PIC = NO;
				GCC_NO_COMMON_BLOCKS = YES;
				GCC_OPTIMIZATION_LEVEL = 0;
				GCC_PREPROCESSOR_DEFINITIONS = (
					"DEBUG=1",
					"$(inherited)",
				);
				GCC_WARN_64_TO_32_BIT_CONVERSION = YES;
				GCC_WARN_ABOUT_RETURN_TYPE = YES_ERROR;
				GCC_WARN_UNDECLARED_SELECTOR = YES;
				GCC_WARN_UNINITIALIZED_AUTOS = YES_AGGRESSIVE;
				GCC_WARN_UNUSED_FUNCTION = YES;
				GCC_WARN_UNUSED_VARIABLE = YES;
				IPHONEOS_DEPLOYMENT_TARGET = 12.2;
				MTL_ENABLE_DEBUG_INFO = INCLUDE_SOURCE;
				MTL_FAST_MATH = YES;
				ONLY_ACTIVE_ARCH = YES;
				SDKROOT = iphoneos;
				SWIFT_ACTIVE_COMPILATION_CONDITIONS = DEBUG;
				SWIFT_OPTIMIZATION_LEVEL = "-Onone";
			};
			name = Debug;
		};
		B9B3833122B7D77D00326BD6 /* Release */ = {
			isa = XCBuildConfiguration;
			buildSettings = {
				ALWAYS_SEARCH_USER_PATHS = NO;
				CLANG_ANALYZER_NONNULL = YES;
				CLANG_ANALYZER_NUMBER_OBJECT_CONVERSION = YES_AGGRESSIVE;
				CLANG_CXX_LANGUAGE_STANDARD = "gnu++14";
				CLANG_CXX_LIBRARY = "libc++";
				CLANG_ENABLE_MODULES = YES;
				CLANG_ENABLE_OBJC_ARC = YES;
				CLANG_ENABLE_OBJC_WEAK = YES;
				CLANG_WARN_BLOCK_CAPTURE_AUTORELEASING = YES;
				CLANG_WARN_BOOL_CONVERSION = YES;
				CLANG_WARN_COMMA = YES;
				CLANG_WARN_CONSTANT_CONVERSION = YES;
				CLANG_WARN_DEPRECATED_OBJC_IMPLEMENTATIONS = YES;
				CLANG_WARN_DIRECT_OBJC_ISA_USAGE = YES_ERROR;
				CLANG_WARN_DOCUMENTATION_COMMENTS = YES;
				CLANG_WARN_EMPTY_BODY = YES;
				CLANG_WARN_ENUM_CONVERSION = YES;
				CLANG_WARN_INFINITE_RECURSION = YES;
				CLANG_WARN_INT_CONVERSION = YES;
				CLANG_WARN_NON_LITERAL_NULL_CONVERSION = YES;
				CLANG_WARN_OBJC_IMPLICIT_RETAIN_SELF = YES;
				CLANG_WARN_OBJC_LITERAL_CONVERSION = YES;
				CLANG_WARN_OBJC_ROOT_CLASS = YES_ERROR;
				CLANG_WARN_RANGE_LOOP_ANALYSIS = YES;
				CLANG_WARN_STRICT_PROTOTYPES = YES;
				CLANG_WARN_SUSPICIOUS_MOVE = YES;
				CLANG_WARN_UNGUARDED_AVAILABILITY = YES_AGGRESSIVE;
				CLANG_WARN_UNREACHABLE_CODE = YES;
				CLANG_WARN__DUPLICATE_METHOD_MATCH = YES;
				CODE_SIGN_IDENTITY = "iPhone Developer";
				COPY_PHASE_STRIP = NO;
				DEBUG_INFORMATION_FORMAT = "dwarf-with-dsym";
				ENABLE_NS_ASSERTIONS = NO;
				ENABLE_STRICT_OBJC_MSGSEND = YES;
				GCC_C_LANGUAGE_STANDARD = gnu11;
				GCC_NO_COMMON_BLOCKS = YES;
				GCC_WARN_64_TO_32_BIT_CONVERSION = YES;
				GCC_WARN_ABOUT_RETURN_TYPE = YES_ERROR;
				GCC_WARN_UNDECLARED_SELECTOR = YES;
				GCC_WARN_UNINITIALIZED_AUTOS = YES_AGGRESSIVE;
				GCC_WARN_UNUSED_FUNCTION = YES;
				GCC_WARN_UNUSED_VARIABLE = YES;
				IPHONEOS_DEPLOYMENT_TARGET = 12.2;
				MTL_ENABLE_DEBUG_INFO = NO;
				MTL_FAST_MATH = YES;
				SDKROOT = iphoneos;
				SWIFT_COMPILATION_MODE = wholemodule;
				SWIFT_OPTIMIZATION_LEVEL = "-O";
				VALIDATE_PRODUCT = YES;
			};
			name = Release;
		};
		B9B3833322B7D77D00326BD6 /* Debug */ = {
			isa = XCBuildConfiguration;
			baseConfigurationReference = 6225106493D0D098EC872FE8 /* Pods-movie-ios.debug.xcconfig */;
			buildSettings = {
				ASSETCATALOG_COMPILER_APPICON_NAME = AppIcon;
				CODE_SIGN_STYLE = Automatic;
				INFOPLIST_FILE = "movie-ios/Support Files/Info.plist";
				LD_RUNPATH_SEARCH_PATHS = (
					"$(inherited)",
					"@executable_path/Frameworks",
				);
				PRODUCT_BUNDLE_IDENTIFIER = "ngo.patrick.movie-ios";
				PRODUCT_NAME = "$(TARGET_NAME)";
				SWIFT_VERSION = 5.0;
				TARGETED_DEVICE_FAMILY = "1,2";
			};
			name = Debug;
		};
		B9B3833422B7D77D00326BD6 /* Release */ = {
			isa = XCBuildConfiguration;
			baseConfigurationReference = 2A101E836E901DCC89934058 /* Pods-movie-ios.release.xcconfig */;
			buildSettings = {
				ASSETCATALOG_COMPILER_APPICON_NAME = AppIcon;
				CODE_SIGN_STYLE = Automatic;
				INFOPLIST_FILE = "movie-ios/Support Files/Info.plist";
				LD_RUNPATH_SEARCH_PATHS = (
					"$(inherited)",
					"@executable_path/Frameworks",
				);
				PRODUCT_BUNDLE_IDENTIFIER = "ngo.patrick.movie-ios";
				PRODUCT_NAME = "$(TARGET_NAME)";
				SWIFT_VERSION = 5.0;
				TARGETED_DEVICE_FAMILY = "1,2";
			};
			name = Release;
		};
		B9B3833622B7D77D00326BD6 /* Debug */ = {
			isa = XCBuildConfiguration;
			baseConfigurationReference = 1F8F2F1749A0773D29767CEA /* Pods-movie-iosTests.debug.xcconfig */;
			buildSettings = {
				ALWAYS_EMBED_SWIFT_STANDARD_LIBRARIES = YES;
				BUNDLE_LOADER = "$(TEST_HOST)";
				CODE_SIGN_STYLE = Automatic;
				INFOPLIST_FILE = "movie-iosTests/Info.plist";
				LD_RUNPATH_SEARCH_PATHS = (
					"$(inherited)",
					"@executable_path/Frameworks",
					"@loader_path/Frameworks",
				);
				PRODUCT_BUNDLE_IDENTIFIER = "ngo.patrick.movie-iosTests";
				PRODUCT_NAME = "$(TARGET_NAME)";
				SWIFT_VERSION = 5.0;
				TARGETED_DEVICE_FAMILY = "1,2";
				TEST_HOST = "$(BUILT_PRODUCTS_DIR)/movie-ios.app/movie-ios";
			};
			name = Debug;
		};
		B9B3833722B7D77D00326BD6 /* Release */ = {
			isa = XCBuildConfiguration;
			baseConfigurationReference = 50DADA90010B53A985954B34 /* Pods-movie-iosTests.release.xcconfig */;
			buildSettings = {
				ALWAYS_EMBED_SWIFT_STANDARD_LIBRARIES = YES;
				BUNDLE_LOADER = "$(TEST_HOST)";
				CODE_SIGN_STYLE = Automatic;
				INFOPLIST_FILE = "movie-iosTests/Info.plist";
				LD_RUNPATH_SEARCH_PATHS = (
					"$(inherited)",
					"@executable_path/Frameworks",
					"@loader_path/Frameworks",
				);
				PRODUCT_BUNDLE_IDENTIFIER = "ngo.patrick.movie-iosTests";
				PRODUCT_NAME = "$(TARGET_NAME)";
				SWIFT_VERSION = 5.0;
				TARGETED_DEVICE_FAMILY = "1,2";
				TEST_HOST = "$(BUILT_PRODUCTS_DIR)/movie-ios.app/movie-ios";
			};
			name = Release;
		};
		B9B3833922B7D77D00326BD6 /* Debug */ = {
			isa = XCBuildConfiguration;
			baseConfigurationReference = CFC1A7EF30731A50F5FF53B2 /* Pods-movie-iosUITests.debug.xcconfig */;
			buildSettings = {
				ALWAYS_EMBED_SWIFT_STANDARD_LIBRARIES = YES;
				CODE_SIGN_STYLE = Automatic;
				INFOPLIST_FILE = "movie-iosUITests/Info.plist";
				LD_RUNPATH_SEARCH_PATHS = (
					"$(inherited)",
					"@executable_path/Frameworks",
					"@loader_path/Frameworks",
				);
				PRODUCT_BUNDLE_IDENTIFIER = "ngo.patrick.movie-iosUITests";
				PRODUCT_NAME = "$(TARGET_NAME)";
				SWIFT_VERSION = 5.0;
				TARGETED_DEVICE_FAMILY = "1,2";
				TEST_TARGET_NAME = "movie-ios";
			};
			name = Debug;
		};
		B9B3833A22B7D77D00326BD6 /* Release */ = {
			isa = XCBuildConfiguration;
			baseConfigurationReference = AD4022D64679E8198278A94E /* Pods-movie-iosUITests.release.xcconfig */;
			buildSettings = {
				ALWAYS_EMBED_SWIFT_STANDARD_LIBRARIES = YES;
				CODE_SIGN_STYLE = Automatic;
				INFOPLIST_FILE = "movie-iosUITests/Info.plist";
				LD_RUNPATH_SEARCH_PATHS = (
					"$(inherited)",
					"@executable_path/Frameworks",
					"@loader_path/Frameworks",
				);
				PRODUCT_BUNDLE_IDENTIFIER = "ngo.patrick.movie-iosUITests";
				PRODUCT_NAME = "$(TARGET_NAME)";
				SWIFT_VERSION = 5.0;
				TARGETED_DEVICE_FAMILY = "1,2";
				TEST_TARGET_NAME = "movie-ios";
			};
			name = Release;
		};
/* End XCBuildConfiguration section */

/* Begin XCConfigurationList section */
		B9B3830522B7D77B00326BD6 /* Build configuration list for PBXProject "movie-ios" */ = {
			isa = XCConfigurationList;
			buildConfigurations = (
				B9B3833022B7D77D00326BD6 /* Debug */,
				B9B3833122B7D77D00326BD6 /* Release */,
			);
			defaultConfigurationIsVisible = 0;
			defaultConfigurationName = Release;
		};
		B9B3833222B7D77D00326BD6 /* Build configuration list for PBXNativeTarget "movie-ios" */ = {
			isa = XCConfigurationList;
			buildConfigurations = (
				B9B3833322B7D77D00326BD6 /* Debug */,
				B9B3833422B7D77D00326BD6 /* Release */,
			);
			defaultConfigurationIsVisible = 0;
			defaultConfigurationName = Release;
		};
		B9B3833522B7D77D00326BD6 /* Build configuration list for PBXNativeTarget "movie-iosTests" */ = {
			isa = XCConfigurationList;
			buildConfigurations = (
				B9B3833622B7D77D00326BD6 /* Debug */,
				B9B3833722B7D77D00326BD6 /* Release */,
			);
			defaultConfigurationIsVisible = 0;
			defaultConfigurationName = Release;
		};
		B9B3833822B7D77D00326BD6 /* Build configuration list for PBXNativeTarget "movie-iosUITests" */ = {
			isa = XCConfigurationList;
			buildConfigurations = (
				B9B3833922B7D77D00326BD6 /* Debug */,
				B9B3833A22B7D77D00326BD6 /* Release */,
			);
			defaultConfigurationIsVisible = 0;
			defaultConfigurationName = Release;
		};
/* End XCConfigurationList section */
	};
	rootObject = B9B3830222B7D77B00326BD6 /* Project object */;
}
